
Microsoft Visual Studio Solution File, Format Version 12.00
# Visual Studio Version 17
VisualStudioVersion = 17.5.002.0
MinimumVisualStudioVersion = 10.0.40219.1
Project("{9A19103F-16F7-4668-BE54-9A1E7A4F7556}") = "snake", "snake.csproj", "{BF50B193-0A85-4BFC-B7FC-9CC4644CAB0B}"
EndProject
Global
	GlobalSection(SolutionConfigurationPlatforms) = preSolution
		Debug|Any CPU = Debug|Any CPU
		Release|Any CPU = Release|Any CPU
	EndGlobalSection
	GlobalSection(ProjectConfigurationPlatforms) = postSolution
		{BF50B193-0A85-4BFC-B7FC-9CC4644CAB0B}.Debug|Any CPU.ActiveCfg = Debug|Any CPU
		{BF50B193-0A85-4BFC-B7FC-9CC4644CAB0B}.Debug|Any CPU.Build.0 = Debug|Any CPU
		{BF50B193-0A85-4BFC-B7FC-9CC4644CAB0B}.Release|Any CPU.ActiveCfg = Release|Any CPU
		{BF50B193-0A85-4BFC-B7FC-9CC4644CAB0B}.Release|Any CPU.Build.0 = Release|Any CPU
	EndGlobalSection
	GlobalSection(SolutionProperties) = preSolution
		HideSolutionNode = FALSE
	EndGlobalSection
	GlobalSection(ExtensibilityGlobals) = postSolution
		SolutionGuid = {F05B09F3-3868-4DF0-9511-5B395F320272}
	EndGlobalSection
EndGlobal
